
Microsoft Visual Studio Solution File, Format Version 12.00
# Visual Studio Version 17
VisualStudioVersion = 17.0.31825.309
MinimumVisualStudioVersion = 10.0.40219.1
Project("{8BC9CEB8-8B4A-11D0-8D11-00A0C91BC942}") = "task8", "task8\task8.vcxproj", "{85866F98-011C-4602-8E8A-219DD741B5E5}"
EndProject
Project("{8BC9CEB8-8B4A-11D0-8D11-00A0C91BC942}") = "StandartUnitTests", "StandartUnitTests\StandartUnitTests.vcxproj", "{7D8D9B64-263A-4F06-A05B-1B5B21DD5BD2}"
EndProject
Project("{8BC9CEB8-8B4A-11D0-8D11-00A0C91BC942}") = "UnitTests", "UnitTests\UnitTests.vcxproj", "{1B4435D0-0DCE-40B4-9C67-A476BBA97B58}"
EndProject
Global
	GlobalSection(SolutionConfigurationPlatforms) = preSolution
		Debug|x64 = Debug|x64
		Debug|x86 = Debug|x86
		Release|x64 = Release|x64
		Release|x86 = Release|x86
	EndGlobalSection
	GlobalSection(ProjectConfigurationPlatforms) = postSolution
		{85866F98-011C-4602-8E8A-219DD741B5E5}.Debug|x64.ActiveCfg = Debug|x64
		{85866F98-011C-4602-8E8A-219DD741B5E5}.Debug|x64.Build.0 = Debug|x64
		{85866F98-011C-4602-8E8A-219DD741B5E5}.Debug|x86.ActiveCfg = Debug|Win32
		{85866F98-011C-4602-8E8A-219DD741B5E5}.Debug|x86.Build.0 = Debug|Win32
		{85866F98-011C-4602-8E8A-219DD741B5E5}.Release|x64.ActiveCfg = Release|x64
		{85866F98-011C-4602-8E8A-219DD741B5E5}.Release|x64.Build.0 = Release|x64
		{85866F98-011C-4602-8E8A-219DD741B5E5}.Release|x86.ActiveCfg = Release|Win32
		{85866F98-011C-4602-8E8A-219DD741B5E5}.Release|x86.Build.0 = Release|Win32
		{7D8D9B64-263A-4F06-A05B-1B5B21DD5BD2}.Debug|x64.ActiveCfg = Debug|x64
		{7D8D9B64-263A-4F06-A05B-1B5B21DD5BD2}.Debug|x64.Build.0 = Debug|x64
		{7D8D9B64-263A-4F06-A05B-1B5B21DD5BD2}.Debug|x86.ActiveCfg = Debug|Win32
		{7D8D9B64-263A-4F06-A05B-1B5B21DD5BD2}.Debug|x86.Build.0 = Debug|Win32
		{7D8D9B64-263A-4F06-A05B-1B5B21DD5BD2}.Release|x64.ActiveCfg = Release|x64
		{7D8D9B64-263A-4F06-A05B-1B5B21DD5BD2}.Release|x64.Build.0 = Release|x64
		{7D8D9B64-263A-4F06-A05B-1B5B21DD5BD2}.Release|x86.ActiveCfg = Release|Win32
		{7D8D9B64-263A-4F06-A05B-1B5B21DD5BD2}.Release|x86.Build.0 = Release|Win32
		{1B4435D0-0DCE-40B4-9C67-A476BBA97B58}.Debug|x64.ActiveCfg = Debug|x64
		{1B4435D0-0DCE-40B4-9C67-A476BBA97B58}.Debug|x64.Build.0 = Debug|x64
		{1B4435D0-0DCE-40B4-9C67-A476BBA97B58}.Debug|x86.ActiveCfg = Debug|Win32
		{1B4435D0-0DCE-40B4-9C67-A476BBA97B58}.Debug|x86.Build.0 = Debug|Win32
		{1B4435D0-0DCE-40B4-9C67-A476BBA97B58}.Release|x64.ActiveCfg = Release|x64
		{1B4435D0-0DCE-40B4-9C67-A476BBA97B58}.Release|x64.Build.0 = Release|x64
		{1B4435D0-0DCE-40B4-9C67-A476BBA97B58}.Release|x86.ActiveCfg = Release|Win32
		{1B4435D0-0DCE-40B4-9C67-A476BBA97B58}.Release|x86.Build.0 = Release|Win32
	EndGlobalSection
	GlobalSection(SolutionProperties) = preSolution
		HideSolutionNode = FALSE
	EndGlobalSection
	GlobalSection(ExtensibilityGlobals) = postSolution
		SolutionGuid = {C30881EE-A3C2-4B98-882E-4408E3B9A372}
	EndGlobalSection
EndGlobal
